[[package]]
name = "svgwrite"
version = "1.4.3"
description = "A Python library to create SVG drawings."
category = "main"
optional = false
python-versions = ">=3.6"

[metadata]
lock-version = "1.1"
python-versions = "^3.11"
content-hash = "c1c444b86462f1ac5097a10c4512773ae15337d66f2830253ad1092c44c46061"

[metadata.files]
svgwrite = [
    {file = "svgwrite-1.4.3-py3-none-any.whl", hash = "sha256:bb6b2b5450f1edbfa597d924f9ac2dd099e625562e492021d7dd614f65f8a22d"},
    {file = "svgwrite-1.4.3.zip", hash = "sha256:a8fbdfd4443302a6619a7f76bc937fc683daf2628d9b737c891ec08b8ce524c3"},
]
